
Microsoft Visual Studio Solution File, Format Version 12.00
# Visual Studio 15
VisualStudioVersion = 15.0.28307.421
MinimumVisualStudioVersion = 10.0.40219.1
Project("{FAE04EC0-301F-11D3-BF4B-00C04F79EFBC}") = "Lambda.Core", "Lambda.Core\Lambda.Core.csproj", "{40286081-638C-493F-A293-F6890CF16A85}"
EndProject
Global
	GlobalSection(SolutionConfigurationPlatforms) = preSolution
		Debug|Any CPU = Debug|Any CPU
		Release|Any CPU = Release|Any CPU
	EndGlobalSection
	GlobalSection(ProjectConfigurationPlatforms) = postSolution
		{40286081-638C-493F-A293-F6890CF16A85}.Debug|Any CPU.ActiveCfg = Debug|Any CPU
		{40286081-638C-493F-A293-F6890CF16A85}.Debug|Any CPU.Build.0 = Debug|Any CPU
		{40286081-638C-493F-A293-F6890CF16A85}.Release|Any CPU.ActiveCfg = Release|Any CPU
		{40286081-638C-493F-A293-F6890CF16A85}.Release|Any CPU.Build.0 = Release|Any CPU
	EndGlobalSection
	GlobalSection(SolutionProperties) = preSolution
		HideSolutionNode = FALSE
	EndGlobalSection
	GlobalSection(ExtensibilityGlobals) = postSolution
		SolutionGuid = {F05A13C3-0FC7-4998-8759-2E3885902DE6}
	EndGlobalSection
EndGlobal
